version = 1
revision = 1
requires-python = ">=3.13"

[[package]]
name = "backend"
version = "0.1.0"
source = { virtual = "." }
dependencies = [
    { name = "temporalio" },
    { name = "websockets" },
]

[package.metadata]
requires-dist = [
    { name = "temporalio", specifier = ">=1.10.0" },
    { name = "websockets", specifier = ">=15.0" },
]

[[package]]
name = "protobuf"
version = "5.29.3"
source = { registry = "https://pypi.org/simple" }
sdist = { url = "https://files.pythonhosted.org/packages/f7/d1/e0a911544ca9993e0f17ce6d3cc0932752356c1b0a834397f28e63479344/protobuf-5.29.3.tar.gz", hash = "sha256:5da0f41edaf117bde316404bad1a486cb4ededf8e4a54891296f648e8e076620", size = 424945 }
wheels = [
    { url = "https://files.pythonhosted.org/packages/dc/7a/1e38f3cafa022f477ca0f57a1f49962f21ad25850c3ca0acd3b9d0091518/protobuf-5.29.3-cp310-abi3-win32.whl", hash = "sha256:3ea51771449e1035f26069c4c7fd51fba990d07bc55ba80701c78f886bf9c888", size = 422708 },
    { url = "https://files.pythonhosted.org/packages/61/fa/aae8e10512b83de633f2646506a6d835b151edf4b30d18d73afd01447253/protobuf-5.29.3-cp310-abi3-win_amd64.whl", hash = "sha256:a4fa6f80816a9a0678429e84973f2f98cbc218cca434abe8db2ad0bffc98503a", size = 434508 },
    { url = "https://files.pythonhosted.org/packages/dd/04/3eaedc2ba17a088961d0e3bd396eac764450f431621b58a04ce898acd126/protobuf-5.29.3-cp38-abi3-macosx_10_9_universal2.whl", hash = "sha256:a8434404bbf139aa9e1300dbf989667a83d42ddda9153d8ab76e0d5dcaca484e", size = 417825 },
    { url = "https://files.pythonhosted.org/packages/4f/06/7c467744d23c3979ce250397e26d8ad8eeb2bea7b18ca12ad58313c1b8d5/protobuf-5.29.3-cp38-abi3-manylinux2014_aarch64.whl", hash = "sha256:daaf63f70f25e8689c072cfad4334ca0ac1d1e05a92fc15c54eb9cf23c3efd84", size = 319573 },
    { url = "https://files.pythonhosted.org/packages/a8/45/2ebbde52ad2be18d3675b6bee50e68cd73c9e0654de77d595540b5129df8/protobuf-5.29.3-cp38-abi3-manylinux2014_x86_64.whl", hash = "sha256:c027e08a08be10b67c06bf2370b99c811c466398c357e615ca88c91c07f0910f", size = 319672 },
    { url = "https://files.pythonhosted.org/packages/fd/b2/ab07b09e0f6d143dfb839693aa05765257bceaa13d03bf1a696b78323e7a/protobuf-5.29.3-py3-none-any.whl", hash = "sha256:0a18ed4a24198528f2333802eb075e59dea9d679ab7a6c5efb017a59004d849f", size = 172550 },
]

[[package]]
name = "temporalio"
version = "1.10.0"
source = { registry = "https://pypi.org/simple" }
dependencies = [
    { name = "protobuf" },
    { name = "types-protobuf" },
    { name = "typing-extensions" },
]
sdist = { url = "https://files.pythonhosted.org/packages/a5/8d/745ccb5da079062db8a14227052ac8d0b8a50bb41df4660fad3345a73ecc/temporalio-1.10.0.tar.gz", hash = "sha256:688400e4ca7f6b47c0ade3ebb6549e4d79b0762430ea735a0d8ff83b1ab8b8ba", size = 1418529 }
wheels = [
    { url = "https://files.pythonhosted.org/packages/16/f5/9c75e50db0d54d7960a3571b16cc55083d7bd449d1734cbe5f25779d1469/temporalio-1.10.0-cp39-abi3-macosx_10_9_x86_64.whl", hash = "sha256:81fd40eeeba0396a7193ab5b45877301234b983aa38e444dfceecad2b3224398", size = 11032281 },
    { url = "https://files.pythonhosted.org/packages/f5/b2/ad8fc89e5f8f59c3128661a47a65687619734af0b87fbe4756460de8e00e/temporalio-1.10.0-cp39-abi3-macosx_11_0_arm64.whl", hash = "sha256:2f7bff9ac1fc832655342e9677bbee1b413b97857d1f2265f018ce72fb7758f8", size = 10796640 },
    { url = "https://files.pythonhosted.org/packages/ee/f4/a06053515ecd67e797b7dd0516bdd11c28f952a54449b4c771dcb097de00/temporalio-1.10.0-cp39-abi3-manylinux2014_aarch64.manylinux_2_17_aarch64.whl", hash = "sha256:c3ee8416d1cab04036e03e39a4db4cf4a9a799750b8da20022e0d719da9c9371", size = 11146377 },
    { url = "https://files.pythonhosted.org/packages/f7/b4/875f10f1da52879d44fb126cd1b68186ba7f4d35589dc9f3c9ae743f65c5/temporalio-1.10.0-cp39-abi3-manylinux2014_x86_64.manylinux_2_17_x86_64.whl", hash = "sha256:4f5805e0d33ba525ccea01e3cd9d3eca313e0c66c6b86e6cb0f15ef004c0acc0", size = 11303069 },
    { url = "https://files.pythonhosted.org/packages/21/55/a2248f3798498584133be848c0f6072b37995e201a3f93aff413f77f00cc/temporalio-1.10.0-cp39-abi3-win_amd64.whl", hash = "sha256:81cb8bef8aef6d3cc130c7cecf008cf529177a2f9cb206cfba2897db7df9d093", size = 11338952 },
]

[[package]]
name = "types-protobuf"
version = "5.29.1.20250208"
source = { registry = "https://pypi.org/simple" }
sdist = { url = "https://files.pythonhosted.org/packages/ff/75/8effaebae86ae9e489d4d453b30c6da728e8a9267a261418d476c5c2fbe6/types_protobuf-5.29.1.20250208.tar.gz", hash = "sha256:c1acd6a59ab554dbe09b5d1fa7dd701e2fcfb2212937a3af1c03b736060b792a", size = 59330 }
wheels = [
    { url = "https://files.pythonhosted.org/packages/96/e9/095c36efdc9dbb1df75ce42f37c0de6a6879aad937a08f0b97942b7c5968/types_protobuf-5.29.1.20250208-py3-none-any.whl", hash = "sha256:c5f8bfb4afdc1b5cbca1848f2c8b361a2090add7401f410b22b599ef647bf483", size = 73925 },
]

[[package]]
name = "typing-extensions"
version = "4.12.2"
source = { registry = "https://pypi.org/simple" }
sdist = { url = "https://files.pythonhosted.org/packages/df/db/f35a00659bc03fec321ba8bce9420de607a1d37f8342eee1863174c69557/typing_extensions-4.12.2.tar.gz", hash = "sha256:1a7ead55c7e559dd4dee8856e3a88b41225abfe1ce8df57b7c13915fe121ffb8", size = 85321 }
wheels = [
    { url = "https://files.pythonhosted.org/packages/26/9f/ad63fc0248c5379346306f8668cda6e2e2e9c95e01216d2b8ffd9ff037d0/typing_extensions-4.12.2-py3-none-any.whl", hash = "sha256:04e5ca0351e0f3f85c6853954072df659d0d13fac324d0072316b67d7794700d", size = 37438 },
]

[[package]]
name = "websockets"
version = "15.0"
source = { registry = "https://pypi.org/simple" }
sdist = { url = "https://files.pythonhosted.org/packages/2e/7a/8bc4d15af7ff30f7ba34f9a172063bfcee9f5001d7cef04bee800a658f33/websockets-15.0.tar.gz", hash = "sha256:ca36151289a15b39d8d683fd8b7abbe26fc50be311066c5f8dcf3cb8cee107ab", size = 175574 }
wheels = [
    { url = "https://files.pythonhosted.org/packages/12/23/be28dc1023707ac51768f848d28a946443041a348ee3a54abdf9f6283372/websockets-15.0-cp313-cp313-macosx_10_13_universal2.whl", hash = "sha256:d2244d8ab24374bed366f9ff206e2619345f9cd7fe79aad5225f53faac28b6b1", size = 174714 },
    { url = "https://files.pythonhosted.org/packages/8f/ff/02b5e9fbb078e7666bf3d25c18c69b499747a12f3e7f2776063ef3fb7061/websockets-15.0-cp313-cp313-macosx_10_13_x86_64.whl", hash = "sha256:3a302241fbe825a3e4fe07666a2ab513edfdc6d43ce24b79691b45115273b5e7", size = 172374 },
    { url = "https://files.pythonhosted.org/packages/8e/61/901c8d4698e0477eff4c3c664d53f898b601fa83af4ce81946650ec2a4cb/websockets-15.0-cp313-cp313-macosx_11_0_arm64.whl", hash = "sha256:10552fed076757a70ba2c18edcbc601c7637b30cdfe8c24b65171e824c7d6081", size = 172605 },
    { url = "https://files.pythonhosted.org/packages/d2/4b/dc47601a80dff317aecf8da7b4ab278d11d3494b2c373b493e4887561f90/websockets-15.0-cp313-cp313-manylinux_2_17_aarch64.manylinux2014_aarch64.whl", hash = "sha256:c53f97032b87a406044a1c33d1e9290cc38b117a8062e8a8b285175d7e2f99c9", size = 182380 },
    { url = "https://files.pythonhosted.org/packages/83/f7/b155d2b38f05ed47a0b8de1c9ea245fcd7fc625d89f35a37eccba34b42de/websockets-15.0-cp313-cp313-manylinux_2_5_i686.manylinux1_i686.manylinux_2_17_i686.manylinux2014_i686.whl", hash = "sha256:1caf951110ca757b8ad9c4974f5cac7b8413004d2f29707e4d03a65d54cedf2b", size = 181325 },
    { url = "https://files.pythonhosted.org/packages/d3/ff/040a20c01c294695cac0e361caf86f33347acc38f164f6d2be1d3e007d9f/websockets-15.0-cp313-cp313-manylinux_2_5_x86_64.manylinux1_x86_64.manylinux_2_17_x86_64.manylinux2014_x86_64.whl", hash = "sha256:8bf1ab71f9f23b0a1d52ec1682a3907e0c208c12fef9c3e99d2b80166b17905f", size = 181763 },
    { url = "https://files.pythonhosted.org/packages/cb/6a/af23e93678fda8341ac8775e85123425e45c608389d3514863c702896ea5/websockets-15.0-cp313-cp313-musllinux_1_2_aarch64.whl", hash = "sha256:bfcd3acc1a81f106abac6afd42327d2cf1e77ec905ae11dc1d9142a006a496b6", size = 182097 },
    { url = "https://files.pythonhosted.org/packages/7e/3e/1069e159c30129dc03c01513b5830237e576f47cedb888777dd885cae583/websockets-15.0-cp313-cp313-musllinux_1_2_i686.whl", hash = "sha256:c8c5c8e1bac05ef3c23722e591ef4f688f528235e2480f157a9cfe0a19081375", size = 181485 },
    { url = "https://files.pythonhosted.org/packages/9a/a7/c91c47103f1cd941b576bbc452601e9e01f67d5c9be3e0a9abe726491ab5/websockets-15.0-cp313-cp313-musllinux_1_2_x86_64.whl", hash = "sha256:86bfb52a9cfbcc09aba2b71388b0a20ea5c52b6517c0b2e316222435a8cdab72", size = 181466 },
    { url = "https://files.pythonhosted.org/packages/16/32/a4ca6e3d56c24aac46b0cf5c03b841379f6409d07fc2044b244f90f54105/websockets-15.0-cp313-cp313-win32.whl", hash = "sha256:26ba70fed190708551c19a360f9d7eca8e8c0f615d19a574292b7229e0ae324c", size = 175673 },
    { url = "https://files.pythonhosted.org/packages/c0/31/25a417a23e985b61ffa5544f9facfe4a118cb64d664c886f1244a8baeca5/websockets-15.0-cp313-cp313-win_amd64.whl", hash = "sha256:ae721bcc8e69846af00b7a77a220614d9b2ec57d25017a6bbde3a99473e41ce8", size = 176115 },
    { url = "https://files.pythonhosted.org/packages/e8/b2/31eec524b53f01cd8343f10a8e429730c52c1849941d1f530f8253b6d934/websockets-15.0-py3-none-any.whl", hash = "sha256:51ffd53c53c4442415b613497a34ba0aa7b99ac07f1e4a62db5dcd640ae6c3c3", size = 169023 },
]
